
Microsoft Visual Studio Solution File, Format Version 12.00
# Visual Studio Version 16
VisualStudioVersion = 16.0.31702.278
MinimumVisualStudioVersion = 10.0.40219.1
Project("{9A19103F-16F7-4668-BE54-9A1E7A4F7556}") = "EncryptieToolGroep3", "EncryptieToolGroep3\EncryptieToolGroep3.csproj", "{F91C5A71-0F22-47D5-913A-FED2D427A4E4}"
EndProject
Project("{FAE04EC0-301F-11D3-BF4B-00C04F79EFBC}") = "ClassLibrary1", "ClassLibrary1\ClassLibrary1.csproj", "{817D0997-F873-4FA8-9FD6-9E233FC1F021}"
EndProject
Global
	GlobalSection(SolutionConfigurationPlatforms) = preSolution
		Debug|Any CPU = Debug|Any CPU
		Release|Any CPU = Release|Any CPU
	EndGlobalSection
	GlobalSection(ProjectConfigurationPlatforms) = postSolution
		{F91C5A71-0F22-47D5-913A-FED2D427A4E4}.Debug|Any CPU.ActiveCfg = Debug|Any CPU
		{F91C5A71-0F22-47D5-913A-FED2D427A4E4}.Debug|Any CPU.Build.0 = Debug|Any CPU
		{F91C5A71-0F22-47D5-913A-FED2D427A4E4}.Release|Any CPU.ActiveCfg = Release|Any CPU
		{F91C5A71-0F22-47D5-913A-FED2D427A4E4}.Release|Any CPU.Build.0 = Release|Any CPU
		{817D0997-F873-4FA8-9FD6-9E233FC1F021}.Debug|Any CPU.ActiveCfg = Debug|Any CPU
		{817D0997-F873-4FA8-9FD6-9E233FC1F021}.Debug|Any CPU.Build.0 = Debug|Any CPU
		{817D0997-F873-4FA8-9FD6-9E233FC1F021}.Release|Any CPU.ActiveCfg = Release|Any CPU
		{817D0997-F873-4FA8-9FD6-9E233FC1F021}.Release|Any CPU.Build.0 = Release|Any CPU
	EndGlobalSection
	GlobalSection(SolutionProperties) = preSolution
		HideSolutionNode = FALSE
	EndGlobalSection
	GlobalSection(ExtensibilityGlobals) = postSolution
		SolutionGuid = {64F68A1C-B1F8-4EE3-A235-8ACA741EB662}
	EndGlobalSection
EndGlobal
